
Microsoft Visual Studio Solution File, Format Version 12.00
# Visual Studio 15
VisualStudioVersion = 15.0.28010.2019
MinimumVisualStudioVersion = 10.0.40219.1
Project("{FAE04EC0-301F-11D3-BF4B-00C04F79EFBC}") = "Menu", "HW3Calculator\Menu.csproj", "{8D6410E9-1EA4-4857-A5B8-5CA7D8DA4FA1}"
EndProject
Global
	GlobalSection(SolutionConfigurationPlatforms) = preSolution
		Debug|Any CPU = Debug|Any CPU
		Release|Any CPU = Release|Any CPU
	EndGlobalSection
	GlobalSection(ProjectConfigurationPlatforms) = postSolution
		{8D6410E9-1EA4-4857-A5B8-5CA7D8DA4FA1}.Debug|Any CPU.ActiveCfg = Debug|Any CPU
		{8D6410E9-1EA4-4857-A5B8-5CA7D8DA4FA1}.Debug|Any CPU.Build.0 = Debug|Any CPU
		{8D6410E9-1EA4-4857-A5B8-5CA7D8DA4FA1}.Release|Any CPU.ActiveCfg = Release|Any CPU
		{8D6410E9-1EA4-4857-A5B8-5CA7D8DA4FA1}.Release|Any CPU.Build.0 = Release|Any CPU
	EndGlobalSection
	GlobalSection(SolutionProperties) = preSolution
		HideSolutionNode = FALSE
	EndGlobalSection
	GlobalSection(ExtensibilityGlobals) = postSolution
		SolutionGuid = {1404F87C-5D96-4430-957B-8471420FAEF8}
	EndGlobalSection
EndGlobal
